// !$*UTF8*$!
{
	archiveVersion = 1;
	classes = {
	};
	objectVersion = 45;
	objects = {

/* Begin PBXBuildFile section */
		15B76856F0421489F3EEA593 /* freqlut.cc in Sources */ = {isa = PBXBuildFile; fileRef = 9FF02D488CE6FD5017D7D81A /* freqlut.cc */; };
		1A75F75619C78DB07A6085B0 /* exp2.cc in Sources */ = {isa = PBXBuildFile; fileRef = D5669C7FDAF95F10639CF5AB /* exp2.cc */; };
		20C8EA4478F3F0E2429332F4 /* sawtooth.cc in Sources */ = {isa = PBXBuildFile; fileRef = 48B6535400CF3AC8BABB3299 /* sawtooth.cc */; };
		2300749E4E3C2F5E2E47B813 /* fm_core.cc in Sources */ = {isa = PBXBuildFile; fileRef = DA7AAEE2AD874001F6B71D52 /* fm_core.cc */; };
		25F144B38B846E3C5850E7BD /* dx7note.cc in Sources */ = {isa = PBXBuildFile; fileRef = BA00975977E2704F74104728 /* dx7note.cc */; };
		2A6CCD05E26CB8A8DCB0070C /* log2.cc in Sources */ = {isa = PBXBuildFile; fileRef = 9A44725EA215BBEA625F264E /* log2.cc */; };
		413968CF2316B4C71CC32B83 /* ringbuffer.cc in Sources */ = {isa = PBXBuildFile; fileRef = 68FD17910F296961541A67E4 /* ringbuffer.cc */; };
		539ED55158DD0A1FC841C627 /* lfo.cc in Sources */ = {isa = PBXBuildFile; fileRef = 42D2A2AD8EDACBEF9B884718 /* lfo.cc */; };
		5BFBFDCD915B0AE650CE6798 /* patch.cc in Sources */ = {isa = PBXBuildFile; fileRef = 779AFCD7AFEB1CDEACBC0425 /* patch.cc */; };
		9F42FBCD78CEF75B6A043433 /* env.cc in Sources */ = {isa = PBXBuildFile; fileRef = B73D485E55EBD9CD5950A375 /* env.cc */; };
		B4D196C5D9E56B0238F25397 /* fm_op_kernel.cc in Sources */ = {isa = PBXBuildFile; fileRef = 509D811344DB98984FD6C126 /* fm_op_kernel.cc */; };
		B9A52CE8D262A4428581D53C /* resofilter.cc in Sources */ = {isa = PBXBuildFile; fileRef = 97A5CBACD479212282D0BFD6 /* resofilter.cc */; };
		D541FD687D3305820E5F8FE2 /* sin.cc in Sources */ = {isa = PBXBuildFile; fileRef = D1D8B6FB01C9E7E2D99378F0 /* sin.cc */; };
		E071B9E5AD56CCD871968387 /* synth_unit.cc in Sources */ = {isa = PBXBuildFile; fileRef = 2082841A11DF6E62596265CF /* synth_unit.cc */; };
		E5B6FED47570BBD53CD55329 /* pitchenv.cc in Sources */ = {isa = PBXBuildFile; fileRef = AB03474DCAA7D2AC7378C51E /* pitchenv.cc */; };
		EB08E41E39595C13C10972F1 /* test_ringbuffer.cc in Sources */ = {isa = PBXBuildFile; fileRef = 521793C71CAA078F5598EFC0 /* test_ringbuffer.cc */; };
/* End PBXBuildFile section */

/* Begin PBXFileReference section */
		2082841A11DF6E62596265CF /* synth_unit.cc */ = {isa = PBXFileReference; lastKnownFileType = sourcecode.cpp.cpp; path = synth_unit.cc; sourceTree = "<group>"; };
		42D2A2AD8EDACBEF9B884718 /* lfo.cc */ = {isa = PBXFileReference; lastKnownFileType = sourcecode.cpp.cpp; path = lfo.cc; sourceTree = "<group>"; };
		48B6535400CF3AC8BABB3299 /* sawtooth.cc */ = {isa = PBXFileReference; lastKnownFileType = sourcecode.cpp.cpp; path = sawtooth.cc; sourceTree = "<group>"; };
		509D811344DB98984FD6C126 /* fm_op_kernel.cc */ = {isa = PBXFileReference; lastKnownFileType = sourcecode.cpp.cpp; path = fm_op_kernel.cc; sourceTree = "<group>"; };
		521793C71CAA078F5598EFC0 /* test_ringbuffer.cc */ = {isa = PBXFileReference; lastKnownFileType = sourcecode.cpp.cpp; path = test_ringbuffer.cc; sourceTree = "<group>"; };
		68FD17910F296961541A67E4 /* ringbuffer.cc */ = {isa = PBXFileReference; lastKnownFileType = sourcecode.cpp.cpp; path = ringbuffer.cc; sourceTree = "<group>"; };
		6C1B71FBACD041F20E7F828A /* core.gyp */ = {isa = PBXFileReference; lastKnownFileType = text; path = core.gyp; sourceTree = "<group>"; };
		779AFCD7AFEB1CDEACBC0425 /* patch.cc */ = {isa = PBXFileReference; lastKnownFileType = sourcecode.cpp.cpp; path = patch.cc; sourceTree = "<group>"; };
		8B1FC9FF853D5C32F4771091 /* libcore.a */ = {isa = PBXFileReference; explicitFileType = archive.ar; includeInIndex = 0; path = libcore.a; sourceTree = BUILT_PRODUCTS_DIR; };
		97A5CBACD479212282D0BFD6 /* resofilter.cc */ = {isa = PBXFileReference; lastKnownFileType = sourcecode.cpp.cpp; path = resofilter.cc; sourceTree = "<group>"; };
		9A44725EA215BBEA625F264E /* log2.cc */ = {isa = PBXFileReference; lastKnownFileType = sourcecode.cpp.cpp; path = log2.cc; sourceTree = "<group>"; };
		9FF02D488CE6FD5017D7D81A /* freqlut.cc */ = {isa = PBXFileReference; lastKnownFileType = sourcecode.cpp.cpp; path = freqlut.cc; sourceTree = "<group>"; };
		AB03474DCAA7D2AC7378C51E /* pitchenv.cc */ = {isa = PBXFileReference; lastKnownFileType = sourcecode.cpp.cpp; path = pitchenv.cc; sourceTree = "<group>"; };
		B73D485E55EBD9CD5950A375 /* env.cc */ = {isa = PBXFileReference; lastKnownFileType = sourcecode.cpp.cpp; path = env.cc; sourceTree = "<group>"; };
		BA00975977E2704F74104728 /* dx7note.cc */ = {isa = PBXFileReference; lastKnownFileType = sourcecode.cpp.cpp; path = dx7note.cc; sourceTree = "<group>"; };
		D1D8B6FB01C9E7E2D99378F0 /* sin.cc */ = {isa = PBXFileReference; lastKnownFileType = sourcecode.cpp.cpp; path = sin.cc; sourceTree = "<group>"; };
		D5669C7FDAF95F10639CF5AB /* exp2.cc */ = {isa = PBXFileReference; lastKnownFileType = sourcecode.cpp.cpp; path = exp2.cc; sourceTree = "<group>"; };
		DA7AAEE2AD874001F6B71D52 /* fm_core.cc */ = {isa = PBXFileReference; lastKnownFileType = sourcecode.cpp.cpp; path = fm_core.cc; sourceTree = "<group>"; };
/* End PBXFileReference section */

/* Begin PBXFrameworksBuildPhase section */
		59A50EE4C8CF7BE6875289EF /* Frameworks */ = {
			isa = PBXFrameworksBuildPhase;
			buildActionMask = 2147483647;
			files = (
			);
			runOnlyForDeploymentPostprocessing = 0;
		};
/* End PBXFrameworksBuildPhase section */

/* Begin PBXGroup section */
		19BC3E7E3EDF760717F26DF5 = {
			isa = PBXGroup;
			children = (
				7BF99477CB1A413FA62AFE65 /* Source */,
				E53EB7DD466ADEEC9F094623 /* Products */,
				8512968DD6AB145582824E65 /* Build */,
			);
			sourceTree = "<group>";
		};
		7BF99477CB1A413FA62AFE65 /* Source */ = {
			isa = PBXGroup;
			children = (
				BA00975977E2704F74104728 /* dx7note.cc */,
				B73D485E55EBD9CD5950A375 /* env.cc */,
				D5669C7FDAF95F10639CF5AB /* exp2.cc */,
				DA7AAEE2AD874001F6B71D52 /* fm_core.cc */,
				509D811344DB98984FD6C126 /* fm_op_kernel.cc */,
				9FF02D488CE6FD5017D7D81A /* freqlut.cc */,
				42D2A2AD8EDACBEF9B884718 /* lfo.cc */,
				9A44725EA215BBEA625F264E /* log2.cc */,
				779AFCD7AFEB1CDEACBC0425 /* patch.cc */,
				AB03474DCAA7D2AC7378C51E /* pitchenv.cc */,
				97A5CBACD479212282D0BFD6 /* resofilter.cc */,
				68FD17910F296961541A67E4 /* ringbuffer.cc */,
				48B6535400CF3AC8BABB3299 /* sawtooth.cc */,
				D1D8B6FB01C9E7E2D99378F0 /* sin.cc */,
				2082841A11DF6E62596265CF /* synth_unit.cc */,
				521793C71CAA078F5598EFC0 /* test_ringbuffer.cc */,
			);
			name = Source;
			sourceTree = "<group>";
		};
		8512968DD6AB145582824E65 /* Build */ = {
			isa = PBXGroup;
			children = (
				6C1B71FBACD041F20E7F828A /* core.gyp */,
			);
			name = Build;
			sourceTree = "<group>";
		};
		E53EB7DD466ADEEC9F094623 /* Products */ = {
			isa = PBXGroup;
			children = (
				8B1FC9FF853D5C32F4771091 /* libcore.a */,
			);
			name = Products;
			sourceTree = "<group>";
		};
/* End PBXGroup section */

/* Begin PBXNativeTarget section */
		5A9991BB6607533745115226 /* core */ = {
			isa = PBXNativeTarget;
			buildConfigurationList = 6B3D26CA3D8A77B9BBF035FF /* Build configuration list for PBXNativeTarget "core" */;
			buildPhases = (
				CE1A34D2C5345E1B084CD2DB /* Sources */,
				59A50EE4C8CF7BE6875289EF /* Frameworks */,
			);
			buildRules = (
			);
			dependencies = (
			);
			name = core;
			productName = core;
			productReference = 8B1FC9FF853D5C32F4771091 /* libcore.a */;
			productType = "com.apple.product-type.library.static";
		};
/* End PBXNativeTarget section */

/* Begin PBXProject section */
		64E0BDEAB5AF6CD7ECF6A5F6 /* Project object */ = {
			isa = PBXProject;
			attributes = {
				BuildIndependentTargetsInParallel = YES;
			};
			buildConfigurationList = 2F684B8427DC8F5001D9A5B0 /* Build configuration list for PBXProject "core" */;
			compatibilityVersion = "Xcode 3.2";
			hasScannedForEncodings = 1;
			mainGroup = 19BC3E7E3EDF760717F26DF5;
			projectDirPath = "";
			projectRoot = "";
			targets = (
				5A9991BB6607533745115226 /* core */,
			);
		};
/* End PBXProject section */

/* Begin PBXSourcesBuildPhase section */
		CE1A34D2C5345E1B084CD2DB /* Sources */ = {
			isa = PBXSourcesBuildPhase;
			buildActionMask = 2147483647;
			files = (
				25F144B38B846E3C5850E7BD /* dx7note.cc in Sources */,
				9F42FBCD78CEF75B6A043433 /* env.cc in Sources */,
				1A75F75619C78DB07A6085B0 /* exp2.cc in Sources */,
				2300749E4E3C2F5E2E47B813 /* fm_core.cc in Sources */,
				B4D196C5D9E56B0238F25397 /* fm_op_kernel.cc in Sources */,
				15B76856F0421489F3EEA593 /* freqlut.cc in Sources */,
				539ED55158DD0A1FC841C627 /* lfo.cc in Sources */,
				2A6CCD05E26CB8A8DCB0070C /* log2.cc in Sources */,
				5BFBFDCD915B0AE650CE6798 /* patch.cc in Sources */,
				E5B6FED47570BBD53CD55329 /* pitchenv.cc in Sources */,
				B9A52CE8D262A4428581D53C /* resofilter.cc in Sources */,
				413968CF2316B4C71CC32B83 /* ringbuffer.cc in Sources */,
				20C8EA4478F3F0E2429332F4 /* sawtooth.cc in Sources */,
				D541FD687D3305820E5F8FE2 /* sin.cc in Sources */,
				E071B9E5AD56CCD871968387 /* synth_unit.cc in Sources */,
				EB08E41E39595C13C10972F1 /* test_ringbuffer.cc in Sources */,
			);
			runOnlyForDeploymentPostprocessing = 0;
		};
/* End PBXSourcesBuildPhase section */

/* Begin XCBuildConfiguration section */
		0B978C26C6EBEB8479A59BA7 /* Default */ = {
			isa = XCBuildConfiguration;
			buildSettings = {
				INTERMEDIATE_DIR = "$(PROJECT_DERIVED_FILE_DIR)/$(CONFIGURATION)";
				SHARED_INTERMEDIATE_DIR = "$(SYMROOT)/DerivedSources/$(CONFIGURATION)";
			};
			name = Default;
		};
		5A3F0CBEC18C4B4A90EF08F4 /* Default */ = {
			isa = XCBuildConfiguration;
			buildSettings = {
				EXECUTABLE_PREFIX = lib;
				HEADER_SEARCH_PATHS = .;
				PRODUCT_NAME = core;
			};
			name = Default;
		};
/* End XCBuildConfiguration section */

/* Begin XCConfigurationList section */
		2F684B8427DC8F5001D9A5B0 /* Build configuration list for PBXProject "core" */ = {
			isa = XCConfigurationList;
			buildConfigurations = (
				0B978C26C6EBEB8479A59BA7 /* Default */,
			);
			defaultConfigurationIsVisible = 1;
			defaultConfigurationName = Default;
		};
		6B3D26CA3D8A77B9BBF035FF /* Build configuration list for PBXNativeTarget "core" */ = {
			isa = XCConfigurationList;
			buildConfigurations = (
				5A3F0CBEC18C4B4A90EF08F4 /* Default */,
			);
			defaultConfigurationIsVisible = 1;
			defaultConfigurationName = Default;
		};
/* End XCConfigurationList section */
	};
	rootObject = 64E0BDEAB5AF6CD7ECF6A5F6 /* Project object */;
}
